
Microsoft Visual Studio Solution File, Format Version 12.00
# Visual Studio 15
VisualStudioVersion = 15.0.28010.2026
MinimumVisualStudioVersion = 10.0.40219.1
Project("{FAE04EC0-301F-11D3-BF4B-00C04F79EFBC}") = "MyRegViewer", "MyRegViewer\MyRegViewer.csproj", "{87F38109-B306-4A6D-B065-E7D81559C0AF}"
EndProject
Global
	GlobalSection(SolutionConfigurationPlatforms) = preSolution
		Debug|Any CPU = Debug|Any CPU
		Release|Any CPU = Release|Any CPU
	EndGlobalSection
	GlobalSection(ProjectConfigurationPlatforms) = postSolution
		{87F38109-B306-4A6D-B065-E7D81559C0AF}.Debug|Any CPU.ActiveCfg = Debug|Any CPU
		{87F38109-B306-4A6D-B065-E7D81559C0AF}.Debug|Any CPU.Build.0 = Debug|Any CPU
		{87F38109-B306-4A6D-B065-E7D81559C0AF}.Release|Any CPU.ActiveCfg = Release|Any CPU
		{87F38109-B306-4A6D-B065-E7D81559C0AF}.Release|Any CPU.Build.0 = Release|Any CPU
	EndGlobalSection
	GlobalSection(SolutionProperties) = preSolution
		HideSolutionNode = FALSE
	EndGlobalSection
	GlobalSection(ExtensibilityGlobals) = postSolution
		SolutionGuid = {A345E64A-6177-4131-B533-8006B21F6314}
	EndGlobalSection
EndGlobal
